lockfileVersion: '9.0'

settings:
  autoInstallPeers: true
  excludeLinksFromLockfile: false

importers:

  .:
    dependencies:
      '@hocuspocus/extension-database':
        specifier: ^3.1.4
        version: 3.4.4(y-protocols@1.0.7(yjs@13.6.30))(yjs@13.6.30)
      '@hocuspocus/server':
        specifier: ^3.1.4
        version: 3.4.4(y-protocols@1.0.7(yjs@13.6.30))(yjs@13.6.30)
      pg:
        specifier: ^8.13.1
        version: 8.20.0
      yjs:
        specifier: ^13.6.20
        version: 13.6.30

packages:

  '@hocuspocus/common@3.4.4':
    resolution: {integrity: sha512-RykIJ0tsHHMP4Xk+4UCbc7SO5LgGxGUSTdbh6anJEsaALAyqinf1Nn5HYuMjLPolAmsar1v++m9zufR09NLpXA==, tarball: https://registry.npmjs.org/@hocuspocus/common/-/common-3.4.4.tgz}

  '@hocuspocus/extension-database@3.4.4':
    resolution: {integrity: sha512-z7iq2Dw+GOp4aQq7ys3PD0BA++7tQdXBsSHZ+8mkAbxfTDzjzQ576TphxPiXXC1WQ7yjeFXq03xp/KLIhg3Pyg==, tarball: https://registry.npmjs.org/@hocuspocus/extension-database/-/extension-database-3.4.4.tgz}
    peerDependencies:
      yjs: ^13.6.8

  '@hocuspocus/server@3.4.4':
    resolution: {integrity: sha512-UV+oaONAejOzeYgUygNcgsc8RdZvSokVvAxluZJIisLACpRO/VsseQ5lWKDRwLd7Fn6+rHWDH3hGuQ1fdX1Ycg==, tarball: https://registry.npmjs.org/@hocuspocus/server/-/server-3.4.4.tgz}
    peerDependencies:
      y-protocols: ^1.0.6
      yjs: ^13.6.8

  async-lock@1.4.1:
    resolution: {integrity: sha512-Az2ZTpuytrtqENulXwO3GGv1Bztugx6TT37NIo7imr/Qo0gsYiGtSdBa2B6fsXhTpVZDNfu1Qn3pk531e3q+nQ==, tarball: https://registry.npmjs.org/async-lock/-/async-lock-1.4.1.tgz}

  async-mutex@0.5.0:
    resolution: {integrity: sha512-1A94B18jkJ3DYq284ohPxoXbfTA5HsQ7/Mf4DEhcyLx3Bz27Rh59iScbB6EPiP+B+joue6YCxcMXSbFC1tZKwA==, tarball: https://registry.npmjs.org/async-mutex/-/async-mutex-0.5.0.tgz}

  isomorphic.js@0.2.5:
    resolution: {integrity: sha512-PIeMbHqMt4DnUP3MA/Flc0HElYjMXArsw1qwJZcm9sqR8mq3l8NYizFMty0pWwE/tzIGH3EKK5+jes5mAr85yw==, tarball: https://registry.npmjs.org/isomorphic.js/-/isomorphic.js-0.2.5.tgz}

  kleur@4.1.5:
    resolution: {integrity: sha512-o+NO+8WrRiQEE4/7nwRJhN1HWpVmJm511pBHUxPLtp0BUISzlBplORYSmTclCnJvQq2tKu/sgl3xVpkc7ZWuQQ==, tarball: https://registry.npmjs.org/kleur/-/kleur-4.1.5.tgz}
    engines: {node: '>=6'}

  lib0@0.2.117:
    resolution: {integrity: sha512-DeXj9X5xDCjgKLU/7RR+/HQEVzuuEUiwldwOGsHK/sfAfELGWEyTcf0x+uOvCvK3O2zPmZePXWL85vtia6GyZw==, tarball: https://registry.npmjs.org/lib0/-/lib0-0.2.117.tgz}
    engines: {node: '>=16'}
    hasBin: true

  pg-cloudflare@1.3.0:
    resolution: {integrity: sha512-6lswVVSztmHiRtD6I8hw4qP/nDm1EJbKMRhf3HCYaqud7frGysPv7FYJ5noZQdhQtN2xJnimfMtvQq21pdbzyQ==, tarball: https://registry.npmjs.org/pg-cloudflare/-/pg-cloudflare-1.3.0.tgz}

  pg-connection-string@2.12.0:
    resolution: {integrity: sha512-U7qg+bpswf3Cs5xLzRqbXbQl85ng0mfSV/J0nnA31MCLgvEaAo7CIhmeyrmJpOr7o+zm0rXK+hNnT5l9RHkCkQ==, tarball: https://registry.npmjs.org/pg-connection-string/-/pg-connection-string-2.12.0.tgz}

  pg-int8@1.0.1:
    resolution: {integrity: sha512-WCtabS6t3c8SkpDBUlb1kjOs7l66xsGdKpIPZsg4wR+B3+u9UAum2odSsF9tnvxg80h4ZxLWMy4pRjOsFIqQpw==, tarball: https://registry.npmjs.org/pg-int8/-/pg-int8-1.0.1.tgz}
    engines: {node: '>=4.0.0'}

  pg-pool@3.13.0:
    resolution: {integrity: sha512-gB+R+Xud1gLFuRD/QgOIgGOBE2KCQPaPwkzBBGC9oG69pHTkhQeIuejVIk3/cnDyX39av2AxomQiyPT13WKHQA==, tarball: https://registry.npmjs.org/pg-pool/-/pg-pool-3.13.0.tgz}
    peerDependencies:
      pg: '>=8.0'

  pg-protocol@1.13.0:
    resolution: {integrity: sha512-zzdvXfS6v89r6v7OcFCHfHlyG/wvry1ALxZo4LqgUoy7W9xhBDMaqOuMiF3qEV45VqsN6rdlcehHrfDtlCPc8w==, tarball: https://registry.npmjs.org/pg-protocol/-/pg-protocol-1.13.0.tgz}

  pg-types@2.2.0:
    resolution: {integrity: sha512-qTAAlrEsl8s4OiEQY69wDvcMIdQN6wdz5ojQiOy6YRMuynxenON0O5oCpJI6lshc6scgAY8qvJ2On/p+CXY0GA==, tarball: https://registry.npmjs.org/pg-types/-/pg-types-2.2.0.tgz}
    engines: {node: '>=4'}

  pg@8.20.0:
    resolution: {integrity: sha512-ldhMxz2r8fl/6QkXnBD3CR9/xg694oT6DZQ2s6c/RI28OjtSOpxnPrUCGOBJ46RCUxcWdx3p6kw/xnDHjKvaRA==, tarball: https://registry.npmjs.org/pg/-/pg-8.20.0.tgz}
    engines: {node: '>= 16.0.0'}
    peerDependencies:
      pg-native: '>=3.0.1'
    peerDependenciesMeta:
      pg-native:
        optional: true

  pgpass@1.0.5:
    resolution: {integrity: sha512-FdW9r/jQZhSeohs1Z3sI1yxFQNFvMcnmfuj4WBMUTxOrAyLMaTcE1aAMBiTlbMNaXvBCQuVi0R7hd8udDSP7ug==, tarball: https://registry.npmjs.org/pgpass/-/pgpass-1.0.5.tgz}

  postgres-array@2.0.0:
    resolution: {integrity: sha512-VpZrUqU5A69eQyW2c5CA1jtLecCsN2U/bD6VilrFDWq5+5UIEVO7nazS3TEcHf1zuPYO/sqGvUvW62g86RXZuA==, tarball: https://registry.npmjs.org/postgres-array/-/postgres-array-2.0.0.tgz}
    engines: {node: '>=4'}

  postgres-bytea@1.0.1:
    resolution: {integrity: sha512-5+5HqXnsZPE65IJZSMkZtURARZelel2oXUEO8rH83VS/hxH5vv1uHquPg5wZs8yMAfdv971IU+kcPUczi7NVBQ==, tarball: https://registry.npmjs.org/postgres-bytea/-/postgres-bytea-1.0.1.tgz}
    engines: {node: '>=0.10.0'}

  postgres-date@1.0.7:
    resolution: {integrity: sha512-suDmjLVQg78nMK2UZ454hAG+OAW+HQPZ6n++TNDUX+L0+uUlLywnoxJKDou51Zm+zTCjrCl0Nq6J9C5hP9vK/Q==, tarball: https://registry.npmjs.org/postgres-date/-/postgres-date-1.0.7.tgz}
    engines: {node: '>=0.10.0'}

  postgres-interval@1.2.0:
    resolution: {integrity: sha512-9ZhXKM/rw350N1ovuWHbGxnGh/SNJ4cnxHiM0rxE4VN41wsg8P8zWn9hv/buK00RP4WvlOyr/RBDiptyxVbkZQ==, tarball: https://registry.npmjs.org/postgres-interval/-/postgres-interval-1.2.0.tgz}
    engines: {node: '>=0.10.0'}

  split2@4.2.0:
    resolution: {integrity: sha512-UcjcJOWknrNkF6PLX83qcHM6KHgVKNkV62Y8a5uYDVv9ydGQVwAHMKqHdJje1VTWpljG0WYpCDhrCdAOYH4TWg==, tarball: https://registry.npmjs.org/split2/-/split2-4.2.0.tgz}
    engines: {node: '>= 10.x'}

  tslib@2.8.1:
    resolution: {integrity: sha512-oJFu94HQb+KVduSUQL7wnpmqnfmLsOA/nAh6b6EH0wCEoK0/mPeXU6c3wKDV83MkOuHPRHtSXKKU99IBazS/2w==, tarball: https://registry.npmjs.org/tslib/-/tslib-2.8.1.tgz}

  ws@8.20.1:
    resolution: {integrity: sha512-It4dO0K5v//JtTXuPkfEOaI3uUN87iYPnqo/ZzqCoG3g8uhA66QUMs/SrM0YK7/NAu+r4LMh/9dq2A7k+rHs+w==, tarball: https://registry.npmjs.org/ws/-/ws-8.20.1.tgz}
    engines: {node: '>=10.0.0'}
    peerDependencies:
      bufferutil: ^4.0.1
      utf-8-validate: '>=5.0.2'
    peerDependenciesMeta:
      bufferutil:
        optional: true
      utf-8-validate:
        optional: true

  xtend@4.0.2:
    resolution: {integrity: sha512-LKYU1iAXJXUgAXn9URjiu+MWhyUXHsvfp7mcuYm9dSUKK0/CjtrUwFAxD82/mCWbtLsGjFIad0wIsod4zrTAEQ==, tarball: https://registry.npmjs.org/xtend/-/xtend-4.0.2.tgz}
    engines: {node: '>=0.4'}

  y-protocols@1.0.7:
    resolution: {integrity: sha512-YSVsLoXxO67J6eE/nV4AtFtT3QEotZf5sK5BHxFBXso7VDUT3Tx07IfA6hsu5Q5OmBdMkQVmFZ9QOA7fikWvnw==, tarball: https://registry.npmjs.org/y-protocols/-/y-protocols-1.0.7.tgz}
    engines: {node: '>=16.0.0', npm: '>=8.0.0'}
    peerDependencies:
      yjs: ^13.0.0

  yjs@13.6.30:
    resolution: {integrity: sha512-vv/9h42eCMC81ZHDFswuu/MKzkl/vyq1BhaNGfHyOonwlG4CJbQF4oiBBJPvfdeCt/PlVDWh7Nov9D34YY09uQ==, tarball: https://registry.npmjs.org/yjs/-/yjs-13.6.30.tgz}
    engines: {node: '>=16.0.0', npm: '>=8.0.0'}

snapshots:

  '@hocuspocus/common@3.4.4':
    dependencies:
      lib0: 0.2.117

  '@hocuspocus/extension-database@3.4.4(y-protocols@1.0.7(yjs@13.6.30))(yjs@13.6.30)':
    dependencies:
      '@hocuspocus/server': 3.4.4(y-protocols@1.0.7(yjs@13.6.30))(yjs@13.6.30)
      yjs: 13.6.30
    transitivePeerDependencies:
      - bufferutil
      - utf-8-validate
      - y-protocols

  '@hocuspocus/server@3.4.4(y-protocols@1.0.7(yjs@13.6.30))(yjs@13.6.30)':
    dependencies:
      '@hocuspocus/common': 3.4.4
      async-lock: 1.4.1
      async-mutex: 0.5.0
      kleur: 4.1.5
      lib0: 0.2.117
      ws: 8.20.1
      y-protocols: 1.0.7(yjs@13.6.30)
      yjs: 13.6.30
    transitivePeerDependencies:
      - bufferutil
      - utf-8-validate

  async-lock@1.4.1: {}

  async-mutex@0.5.0:
    dependencies:
      tslib: 2.8.1

  isomorphic.js@0.2.5: {}

  kleur@4.1.5: {}

  lib0@0.2.117:
    dependencies:
      isomorphic.js: 0.2.5

  pg-cloudflare@1.3.0:
    optional: true

  pg-connection-string@2.12.0: {}

  pg-int8@1.0.1: {}

  pg-pool@3.13.0(pg@8.20.0):
    dependencies:
      pg: 8.20.0

  pg-protocol@1.13.0: {}

  pg-types@2.2.0:
    dependencies:
      pg-int8: 1.0.1
      postgres-array: 2.0.0
      postgres-bytea: 1.0.1
      postgres-date: 1.0.7
      postgres-interval: 1.2.0

  pg@8.20.0:
    dependencies:
      pg-connection-string: 2.12.0
      pg-pool: 3.13.0(pg@8.20.0)
      pg-protocol: 1.13.0
      pg-types: 2.2.0
      pgpass: 1.0.5
    optionalDependencies:
      pg-cloudflare: 1.3.0

  pgpass@1.0.5:
    dependencies:
      split2: 4.2.0

  postgres-array@2.0.0: {}

  postgres-bytea@1.0.1: {}

  postgres-date@1.0.7: {}

  postgres-interval@1.2.0:
    dependencies:
      xtend: 4.0.2

  split2@4.2.0: {}

  tslib@2.8.1: {}

  ws@8.20.1: {}

  xtend@4.0.2: {}

  y-protocols@1.0.7(yjs@13.6.30):
    dependencies:
      lib0: 0.2.117
      yjs: 13.6.30

  yjs@13.6.30:
    dependencies:
      lib0: 0.2.117
